PODS:
  - FrameworkA (1.0.0)

DEPENDENCIES:
  - FrameworkA (from `../FrameworkA.podspec`)

EXTERNAL SOURCES:
  FrameworkA:
    :path: "../FrameworkA.podspec"

SPEC CHECKSUMS:
  FrameworkA: c59e5fa3e2b2c6f7b577ab89e5db0dd80e56affb

PODFILE CHECKSUM: a57e7c7e62115c6efe0cc191234713d9a1f464c1

COCOAPODS: 1.9.2
